
Microsoft Visual Studio Solution File, Format Version 12.00
# Visual Studio Version 16
VisualStudioVersion = 16.0.30804.86
MinimumVisualStudioVersion = 10.0.40219.1
Project("{FAE04EC0-301F-11D3-BF4B-00C04F79EFBC}") = "Xamarin 1.Android", "Xamarin 1\Xamarin 1.Android\Xamarin 1.Android.csproj", "{468C99EC-32D5-4F58-B986-3DACAE59C68B}"
EndProject
Project("{FAE04EC0-301F-11D3-BF4B-00C04F79EFBC}") = "Xamarin 1.iOS", "Xamarin 1\Xamarin 1.iOS\Xamarin 1.iOS.csproj", "{4B0FF1ED-FD38-4180-B633-7CCA37557A1A}"
EndProject
Project("{FAE04EC0-301F-11D3-BF4B-00C04F79EFBC}") = "Xamarin 1", "Xamarin 1\Xamarin 1\Xamarin 1.csproj", "{A12AD7BE-F33C-4820-90AB-32E57E141875}"
EndProject
Global
	GlobalSection(SolutionConfigurationPlatforms) = preSolution
		Debug|Any CPU = Debug|Any CPU
		Debug|iPhone = Debug|iPhone
		Debug|iPhoneSimulator = Debug|iPhoneSimulator
		Release|Any CPU = Release|Any CPU
		Release|iPhone = Release|iPhone
		Release|iPhoneSimulator = Release|iPhoneSimulator
	EndGlobalSection
	GlobalSection(ProjectConfigurationPlatforms) = postSolution
		{468C99EC-32D5-4F58-B986-3DACAE59C68B}.Debug|Any CPU.ActiveCfg = Debug|Any CPU
		{468C99EC-32D5-4F58-B986-3DACAE59C68B}.Debug|Any CPU.Build.0 = Debug|Any CPU
		{468C99EC-32D5-4F58-B986-3DACAE59C68B}.Debug|Any CPU.Deploy.0 = Debug|Any CPU
		{468C99EC-32D5-4F58-B986-3DACAE59C68B}.Debug|iPhone.ActiveCfg = Debug|Any CPU
		{468C99EC-32D5-4F58-B986-3DACAE59C68B}.Debug|iPhone.Build.0 = Debug|Any CPU
		{468C99EC-32D5-4F58-B986-3DACAE59C68B}.Debug|iPhone.Deploy.0 = Debug|Any CPU
		{468C99EC-32D5-4F58-B986-3DACAE59C68B}.Debug|iPhoneSimulator.ActiveCfg = Debug|Any CPU
		{468C99EC-32D5-4F58-B986-3DACAE59C68B}.Debug|iPhoneSimulator.Build.0 = Debug|Any CPU
		{468C99EC-32D5-4F58-B986-3DACAE59C68B}.Debug|iPhoneSimulator.Deploy.0 = Debug|Any CPU
		{468C99EC-32D5-4F58-B986-3DACAE59C68B}.Release|Any CPU.ActiveCfg = Release|Any CPU
		{468C99EC-32D5-4F58-B986-3DACAE59C68B}.Release|Any CPU.Build.0 = Release|Any CPU
		{468C99EC-32D5-4F58-B986-3DACAE59C68B}.Release|Any CPU.Deploy.0 = Release|Any CPU
		{468C99EC-32D5-4F58-B986-3DACAE59C68B}.Release|iPhone.ActiveCfg = Release|Any CPU
		{468C99EC-32D5-4F58-B986-3DACAE59C68B}.Release|iPhone.Build.0 = Release|Any CPU
		{468C99EC-32D5-4F58-B986-3DACAE59C68B}.Release|iPhone.Deploy.0 = Release|Any CPU
		{468C99EC-32D5-4F58-B986-3DACAE59C68B}.Release|iPhoneSimulator.ActiveCfg = Release|Any CPU
		{468C99EC-32D5-4F58-B986-3DACAE59C68B}.Release|iPhoneSimulator.Build.0 = Release|Any CPU
		{468C99EC-32D5-4F58-B986-3DACAE59C68B}.Release|iPhoneSimulator.Deploy.0 = Release|Any CPU
		{4B0FF1ED-FD38-4180-B633-7CCA37557A1A}.Debug|Any CPU.ActiveCfg = Debug|iPhone
		{4B0FF1ED-FD38-4180-B633-7CCA37557A1A}.Debug|Any CPU.Build.0 = Debug|iPhone
		{4B0FF1ED-FD38-4180-B633-7CCA37557A1A}.Debug|Any CPU.Deploy.0 = Debug|iPhone
		{4B0FF1ED-FD38-4180-B633-7CCA37557A1A}.Debug|iPhone.ActiveCfg = Debug|iPhone
		{4B0FF1ED-FD38-4180-B633-7CCA37557A1A}.Debug|iPhone.Build.0 = Debug|iPhone
		{4B0FF1ED-FD38-4180-B633-7CCA37557A1A}.Debug|iPhone.Deploy.0 = Debug|iPhone
		{4B0FF1ED-FD38-4180-B633-7CCA37557A1A}.Debug|iPhoneSimulator.ActiveCfg = Debug|iPhoneSimulator
		{4B0FF1ED-FD38-4180-B633-7CCA37557A1A}.Debug|iPhoneSimulator.Build.0 = Debug|iPhoneSimulator
		{4B0FF1ED-FD38-4180-B633-7CCA37557A1A}.Debug|iPhoneSimulator.Deploy.0 = Debug|iPhoneSimulator
		{4B0FF1ED-FD38-4180-B633-7CCA37557A1A}.Release|Any CPU.ActiveCfg = Release|iPhoneSimulator
		{4B0FF1ED-FD38-4180-B633-7CCA37557A1A}.Release|Any CPU.Build.0 = Release|iPhoneSimulator
		{4B0FF1ED-FD38-4180-B633-7CCA37557A1A}.Release|Any CPU.Deploy.0 = Release|iPhoneSimulator
		{4B0FF1ED-FD38-4180-B633-7CCA37557A1A}.Release|iPhone.ActiveCfg = Release|iPhone
		{4B0FF1ED-FD38-4180-B633-7CCA37557A1A}.Release|iPhone.Build.0 = Release|iPhone
		{4B0FF1ED-FD38-4180-B633-7CCA37557A1A}.Release|iPhone.Deploy.0 = Release|iPhone
		{4B0FF1ED-FD38-4180-B633-7CCA37557A1A}.Release|iPhoneSimulator.ActiveCfg = Release|iPhoneSimulator
		{4B0FF1ED-FD38-4180-B633-7CCA37557A1A}.Release|iPhoneSimulator.Build.0 = Release|iPhoneSimulator
		{4B0FF1ED-FD38-4180-B633-7CCA37557A1A}.Release|iPhoneSimulator.Deploy.0 = Release|iPhoneSimulator
		{A12AD7BE-F33C-4820-90AB-32E57E141875}.Debug|Any CPU.ActiveCfg = Debug|Any CPU
		{A12AD7BE-F33C-4820-90AB-32E57E141875}.Debug|Any CPU.Build.0 = Debug|Any CPU
		{A12AD7BE-F33C-4820-90AB-32E57E141875}.Debug|Any CPU.Deploy.0 = Debug|Any CPU
		{A12AD7BE-F33C-4820-90AB-32E57E141875}.Debug|iPhone.ActiveCfg = Debug|Any CPU
		{A12AD7BE-F33C-4820-90AB-32E57E141875}.Debug|iPhone.Build.0 = Debug|Any CPU
		{A12AD7BE-F33C-4820-90AB-32E57E141875}.Debug|iPhone.Deploy.0 = Debug|Any CPU
		{A12AD7BE-F33C-4820-90AB-32E57E141875}.Debug|iPhoneSimulator.ActiveCfg = Debug|Any CPU
		{A12AD7BE-F33C-4820-90AB-32E57E141875}.Debug|iPhoneSimulator.Build.0 = Debug|Any CPU
		{A12AD7BE-F33C-4820-90AB-32E57E141875}.Debug|iPhoneSimulator.Deploy.0 = Debug|Any CPU
		{A12AD7BE-F33C-4820-90AB-32E57E141875}.Release|Any CPU.ActiveCfg = Release|Any CPU
		{A12AD7BE-F33C-4820-90AB-32E57E141875}.Release|Any CPU.Build.0 = Release|Any CPU
		{A12AD7BE-F33C-4820-90AB-32E57E141875}.Release|Any CPU.Deploy.0 = Release|Any CPU
		{A12AD7BE-F33C-4820-90AB-32E57E141875}.Release|iPhone.ActiveCfg = Release|Any CPU
		{A12AD7BE-F33C-4820-90AB-32E57E141875}.Release|iPhone.Build.0 = Release|Any CPU
		{A12AD7BE-F33C-4820-90AB-32E57E141875}.Release|iPhone.Deploy.0 = Release|Any CPU
		{A12AD7BE-F33C-4820-90AB-32E57E141875}.Release|iPhoneSimulator.ActiveCfg = Release|Any CPU
		{A12AD7BE-F33C-4820-90AB-32E57E141875}.Release|iPhoneSimulator.Build.0 = Release|Any CPU
		{A12AD7BE-F33C-4820-90AB-32E57E141875}.Release|iPhoneSimulator.Deploy.0 = Release|Any CPU
	EndGlobalSection
	GlobalSection(SolutionProperties) = preSolution
		HideSolutionNode = FALSE
	EndGlobalSection
	GlobalSection(ExtensibilityGlobals) = postSolution
		SolutionGuid = {93868807-B3E5-42A0-AE78-CC4991494B6A}
	EndGlobalSection
EndGlobal
